// !$*UTF8*$!
{
	archiveVersion = 1;
	classes = {
	};
	objectVersion = 50;
	objects = {

/* Begin PBXBuildFile section */
		73757195243B1CF5000B84FD /* AppDelegate.swift in Sources */ = {isa = PBXBuildFile; fileRef = 73757194243B1CF5000B84FD /* AppDelegate.swift */; };
		73757199243B1CF6000B84FD /* Assets.xcassets in Resources */ = {isa = PBXBuildFile; fileRef = 73757198243B1CF6000B84FD /* Assets.xcassets */; };
		7375719C243B1CF6000B84FD /* Preview Assets.xcassets in Resources */ = {isa = PBXBuildFile; fileRef = 7375719B243B1CF6000B84FD /* Preview Assets.xcassets */; };
		7375719F243B1CF6000B84FD /* Main.storyboard in Resources */ = {isa = PBXBuildFile; fileRef = 7375719D243B1CF6000B84FD /* Main.storyboard */; };
		737571A8243B3BAA000B84FD /* ScreenshotsObserver.swift in Sources */ = {isa = PBXBuildFile; fileRef = 737571A7243B3BAA000B84FD /* ScreenshotsObserver.swift */; };
		73F9DBD824405B9600BD9CEE /* Client.swift in Sources */ = {isa = PBXBuildFile; fileRef = 73F9DBD724405B9600BD9CEE /* Client.swift */; };
		73F9DBDA2440FC8A00BD9CEE /* DraggableView.swift in Sources */ = {isa = PBXBuildFile; fileRef = 73F9DBD92440FC8A00BD9CEE /* DraggableView.swift */; };
		73F9DBDC2441A07500BD9CEE /* NSButton+Animation.swift in Sources */ = {isa = PBXBuildFile; fileRef = 73F9DBDB2441A07500BD9CEE /* NSButton+Animation.swift */; };
/* End PBXBuildFile section */

/* Begin PBXFileReference section */
		73757191243B1CF5000B84FD /* ImgurBar.app */ = {isa = PBXFileReference; explicitFileType = wrapper.application; includeInIndex = 0; path = ImgurBar.app; sourceTree = BUILT_PRODUCTS_DIR; };
		73757194243B1CF5000B84FD /* AppDelegate.swift */ = {isa = PBXFileReference; lastKnownFileType = sourcecode.swift; path = AppDelegate.swift; sourceTree = "<group>"; };
		73757198243B1CF6000B84FD /* Assets.xcassets */ = {isa = PBXFileReference; lastKnownFileType = folder.assetcatalog; path = Assets.xcassets; sourceTree = "<group>"; };
		7375719B243B1CF6000B84FD /* Preview Assets.xcassets */ = {isa = PBXFileReference; lastKnownFileType = folder.assetcatalog; path = "Preview Assets.xcassets"; sourceTree = "<group>"; };
		7375719E243B1CF6000B84FD /* Base */ = {isa = PBXFileReference; lastKnownFileType = file.storyboard; name = Base; path = Base.lproj/Main.storyboard; sourceTree = "<group>"; };
		737571A0243B1CF6000B84FD /* Info.plist */ = {isa = PBXFileReference; lastKnownFileType = text.plist.xml; path = Info.plist; sourceTree = "<group>"; };
		737571A1243B1CF6000B84FD /* imgurBar.entitlements */ = {isa = PBXFileReference; lastKnownFileType = text.plist.entitlements; path = imgurBar.entitlements; sourceTree = "<group>"; };
		737571A7243B3BAA000B84FD /* ScreenshotsObserver.swift */ = {isa = PBXFileReference; lastKnownFileType = sourcecode.swift; path = ScreenshotsObserver.swift; sourceTree = "<group>"; };
		73F9DBD724405B9600BD9CEE /* Client.swift */ = {isa = PBXFileReference; lastKnownFileType = sourcecode.swift; path = Client.swift; sourceTree = "<group>"; };
		73F9DBD92440FC8A00BD9CEE /* DraggableView.swift */ = {isa = PBXFileReference; lastKnownFileType = sourcecode.swift; path = DraggableView.swift; sourceTree = "<group>"; };
		73F9DBDB2441A07500BD9CEE /* NSButton+Animation.swift */ = {isa = PBXFileReference; lastKnownFileType = sourcecode.swift; path = "NSButton+Animation.swift"; sourceTree = "<group>"; };
/* End PBXFileReference section */

/* Begin PBXFrameworksBuildPhase section */
		7375718E243B1CF5000B84FD /* Frameworks */ = {
			isa = PBXFrameworksBuildPhase;
			buildActionMask = 2147483647;
			files = (
			);
			runOnlyForDeploymentPostprocessing = 0;
		};
/* End PBXFrameworksBuildPhase section */

/* Begin PBXGroup section */
		73757188243B1CF5000B84FD = {
			isa = PBXGroup;
			children = (
				73757193243B1CF5000B84FD /* ImgurBar */,
				73757192243B1CF5000B84FD /* Products */,
			);
			sourceTree = "<group>";
		};
		73757192243B1CF5000B84FD /* Products */ = {
			isa = PBXGroup;
			children = (
				73757191243B1CF5000B84FD /* ImgurBar.app */,
			);
			name = Products;
			sourceTree = "<group>";
		};
		73757193243B1CF5000B84FD /* ImgurBar */ = {
			isa = PBXGroup;
			children = (
				73757194243B1CF5000B84FD /* AppDelegate.swift */,
				73F9DBD724405B9600BD9CEE /* Client.swift */,
				73F9DBD92440FC8A00BD9CEE /* DraggableView.swift */,
				737571A7243B3BAA000B84FD /* ScreenshotsObserver.swift */,
				73F9DBDB2441A07500BD9CEE /* NSButton+Animation.swift */,
				73757198243B1CF6000B84FD /* Assets.xcassets */,
				737571A1243B1CF6000B84FD /* imgurBar.entitlements */,
				737571A0243B1CF6000B84FD /* Info.plist */,
				7375719D243B1CF6000B84FD /* Main.storyboard */,
				7375719A243B1CF6000B84FD /* Preview Content */,
			);
			path = ImgurBar;
			sourceTree = "<group>";
		};
		7375719A243B1CF6000B84FD /* Preview Content */ = {
			isa = PBXGroup;
			children = (
				7375719B243B1CF6000B84FD /* Preview Assets.xcassets */,
			);
			path = "Preview Content";
			sourceTree = "<group>";
		};
/* End PBXGroup section */

/* Begin PBXNativeTarget section */
		73757190243B1CF5000B84FD /* ImgurBar */ = {
			isa = PBXNativeTarget;
			buildConfigurationList = 737571A4243B1CF6000B84FD /* Build configuration list for PBXNativeTarget "ImgurBar" */;
			buildPhases = (
				7375718D243B1CF5000B84FD /* Sources */,
				7375718E243B1CF5000B84FD /* Frameworks */,
				7375718F243B1CF5000B84FD /* Resources */,
			);
			buildRules = (
			);
			dependencies = (
			);
			name = ImgurBar;
			productName = imgurBar;
			productReference = 73757191243B1CF5000B84FD /* ImgurBar.app */;
			productType = "com.apple.product-type.application";
		};
/* End PBXNativeTarget section */

/* Begin PBXProject section */
		73757189243B1CF5000B84FD /* Project object */ = {
			isa = PBXProject;
			attributes = {
				LastSwiftUpdateCheck = 1130;
				LastUpgradeCheck = 1130;
				ORGANIZATIONNAME = "Anton Ilinykh";
				TargetAttributes = {
					73757190243B1CF5000B84FD = {
						CreatedOnToolsVersion = 11.3.1;
					};
				};
			};
			buildConfigurationList = 7375718C243B1CF5000B84FD /* Build configuration list for PBXProject "ImgurBar" */;
			compatibilityVersion = "Xcode 9.3";
			developmentRegion = en;
			hasScannedForEncodings = 0;
			knownRegions = (
				en,
				Base,
			);
			mainGroup = 73757188243B1CF5000B84FD;
			productRefGroup = 73757192243B1CF5000B84FD /* Products */;
			projectDirPath = "";
			projectRoot = "";
			targets = (
				73757190243B1CF5000B84FD /* ImgurBar */,
			);
		};
/* End PBXProject section */

/* Begin PBXResourcesBuildPhase section */
		7375718F243B1CF5000B84FD /* Resources */ = {
			isa = PBXResourcesBuildPhase;
			buildActionMask = 2147483647;
			files = (
				7375719F243B1CF6000B84FD /* Main.storyboard in Resources */,
				7375719C243B1CF6000B84FD /* Preview Assets.xcassets in Resources */,
				73757199243B1CF6000B84FD /* Assets.xcassets in Resources */,
			);
			runOnlyForDeploymentPostprocessing = 0;
		};
/* End PBXResourcesBuildPhase section */

/* Begin PBXSourcesBuildPhase section */
		7375718D243B1CF5000B84FD /* Sources */ = {
			isa = PBXSourcesBuildPhase;
			buildActionMask = 2147483647;
			files = (
				73F9DBDA2440FC8A00BD9CEE /* DraggableView.swift in Sources */,
				737571A8243B3BAA000B84FD /* ScreenshotsObserver.swift in Sources */,
				73F9DBDC2441A07500BD9CEE /* NSButton+Animation.swift in Sources */,
				73757195243B1CF5000B84FD /* AppDelegate.swift in Sources */,
				73F9DBD824405B9600BD9CEE /* Client.swift in Sources */,
			);
			runOnlyForDeploymentPostprocessing = 0;
		};
/* End PBXSourcesBuildPhase section */

/* Begin PBXVariantGroup section */
		7375719D243B1CF6000B84FD /* Main.storyboard */ = {
			isa = PBXVariantGroup;
			children = (
				7375719E243B1CF6000B84FD /* Base */,
			);
			name = Main.storyboard;
			sourceTree = "<group>";
		};
/* End PBXVariantGroup section */

/* Begin XCBuildConfiguration section */
		737571A2243B1CF6000B84FD /* Debug */ = {
			isa = XCBuildConfiguration;
			buildSettings = {
				ALWAYS_SEARCH_USER_PATHS = NO;
				CLANG_ANALYZER_NONNULL = YES;
				CLANG_ANALYZER_NUMBER_OBJECT_CONVERSION = YES_AGGRESSIVE;
				CLANG_CXX_LANGUAGE_STANDARD = "gnu++14";
				CLANG_CXX_LIBRARY = "libc++";
				CLANG_ENABLE_MODULES = YES;
				CLANG_ENABLE_OBJC_ARC = YES;
				CLANG_ENABLE_OBJC_WEAK = YES;
				CLANG_WARN_BLOCK_CAPTURE_AUTORELEASING = YES;
				CLANG_WARN_BOOL_CONVERSION = YES;
				CLANG_WARN_COMMA = YES;
				CLANG_WARN_CONSTANT_CONVERSION = YES;
				CLANG_WARN_DEPRECATED_OBJC_IMPLEMENTATIONS = YES;
				CLANG_WARN_DIRECT_OBJC_ISA_USAGE = YES_ERROR;
				CLANG_WARN_DOCUMENTATION_COMMENTS = YES;
				CLANG_WARN_EMPTY_BODY = YES;
				CLANG_WARN_ENUM_CONVERSION = YES;
				CLANG_WARN_INFINITE_RECURSION = YES;
				CLANG_WARN_INT_CONVERSION = YES;
				CLANG_WARN_NON_LITERAL_NULL_CONVERSION = YES;
				CLANG_WARN_OBJC_IMPLICIT_RETAIN_SELF = YES;
				CLANG_WARN_OBJC_LITERAL_CONVERSION = YES;
				CLANG_WARN_OBJC_ROOT_CLASS = YES_ERROR;
				CLANG_WARN_RANGE_LOOP_ANALYSIS = YES;
				CLANG_WARN_STRICT_PROTOTYPES = YES;
				CLANG_WARN_SUSPICIOUS_MOVE = YES;
				CLANG_WARN_UNGUARDED_AVAILABILITY = YES_AGGRESSIVE;
				CLANG_WARN_UNREACHABLE_CODE = YES;
				CLANG_WARN__DUPLICATE_METHOD_MATCH = YES;
				COPY_PHASE_STRIP = NO;
				DEBUG_INFORMATION_FORMAT = dwarf;
				ENABLE_STRICT_OBJC_MSGSEND = YES;
				ENABLE_TESTABILITY = YES;
				GCC_C_LANGUAGE_STANDARD = gnu11;
				GCC_DYNAMIC_NO_PIC = NO;
				GCC_NO_COMMON_BLOCKS = YES;
				GCC_OPTIMIZATION_LEVEL = 0;
				GCC_PREPROCESSOR_DEFINITIONS = (
					"DEBUG=1",
					"$(inherited)",
				);
				GCC_WARN_64_TO_32_BIT_CONVERSION = YES;
				GCC_WARN_ABOUT_RETURN_TYPE = YES_ERROR;
				GCC_WARN_UNDECLARED_SELECTOR = YES;
				GCC_WARN_UNINITIALIZED_AUTOS = YES_AGGRESSIVE;
				GCC_WARN_UNUSED_FUNCTION = YES;
				GCC_WARN_UNUSED_VARIABLE = YES;
				MACOSX_DEPLOYMENT_TARGET = 10.15;
				MTL_ENABLE_DEBUG_INFO = INCLUDE_SOURCE;
				MTL_FAST_MATH = YES;
				ONLY_ACTIVE_ARCH = YES;
				SDKROOT = macosx;
				SWIFT_ACTIVE_COMPILATION_CONDITIONS = DEBUG;
				SWIFT_OPTIMIZATION_LEVEL = "-Onone";
			};
			name = Debug;
		};
		737571A3243B1CF6000B84FD /* Release */ = {
			isa = XCBuildConfiguration;
			buildSettings = {
				ALWAYS_SEARCH_USER_PATHS = NO;
				CLANG_ANALYZER_NONNULL = YES;
				CLANG_ANALYZER_NUMBER_OBJECT_CONVERSION = YES_AGGRESSIVE;
				CLANG_CXX_LANGUAGE_STANDARD = "gnu++14";
				CLANG_CXX_LIBRARY = "libc++";
				CLANG_ENABLE_MODULES = YES;
				CLANG_ENABLE_OBJC_ARC = YES;
				CLANG_ENABLE_OBJC_WEAK = YES;
				CLANG_WARN_BLOCK_CAPTURE_AUTORELEASING = YES;
				CLANG_WARN_BOOL_CONVERSION = YES;
				CLANG_WARN_COMMA = YES;
				CLANG_WARN_CONSTANT_CONVERSION = YES;
				CLANG_WARN_DEPRECATED_OBJC_IMPLEMENTATIONS = YES;
				CLANG_WARN_DIRECT_OBJC_ISA_USAGE = YES_ERROR;
				CLANG_WARN_DOCUMENTATION_COMMENTS = YES;
				CLANG_WARN_EMPTY_BODY = YES;
				CLANG_WARN_ENUM_CONVERSION = YES;
				CLANG_WARN_INFINITE_RECURSION = YES;
				CLANG_WARN_INT_CONVERSION = YES;
				CLANG_WARN_NON_LITERAL_NULL_CONVERSION = YES;
				CLANG_WARN_OBJC_IMPLICIT_RETAIN_SELF = YES;
				CLANG_WARN_OBJC_LITERAL_CONVERSION = YES;
				CLANG_WARN_OBJC_ROOT_CLASS = YES_ERROR;
				CLANG_WARN_RANGE_LOOP_ANALYSIS = YES;
				CLANG_WARN_STRICT_PROTOTYPES = YES;
				CLANG_WARN_SUSPICIOUS_MOVE = YES;
				CLANG_WARN_UNGUARDED_AVAILABILITY = YES_AGGRESSIVE;
				CLANG_WARN_UNREACHABLE_CODE = YES;
				CLANG_WARN__DUPLICATE_METHOD_MATCH = YES;
				COPY_PHASE_STRIP = NO;
				DEBUG_INFORMATION_FORMAT = "dwarf-with-dsym";
				ENABLE_NS_ASSERTIONS = NO;
				ENABLE_STRICT_OBJC_MSGSEND = YES;
				GCC_C_LANGUAGE_STANDARD = gnu11;
				GCC_NO_COMMON_BLOCKS = YES;
				GCC_WARN_64_TO_32_BIT_CONVERSION = YES;
				GCC_WARN_ABOUT_RETURN_TYPE = YES_ERROR;
				GCC_WARN_UNDECLARED_SELECTOR = YES;
				GCC_WARN_UNINITIALIZED_AUTOS = YES_AGGRESSIVE;
				GCC_WARN_UNUSED_FUNCTION = YES;
				GCC_WARN_UNUSED_VARIABLE = YES;
				MACOSX_DEPLOYMENT_TARGET = 10.15;
				MTL_ENABLE_DEBUG_INFO = NO;
				MTL_FAST_MATH = YES;
				SDKROOT = macosx;
				SWIFT_COMPILATION_MODE = wholemodule;
				SWIFT_OPTIMIZATION_LEVEL = "-O";
			};
			name = Release;
		};
		737571A5243B1CF6000B84FD /* Debug */ = {
			isa = XCBuildConfiguration;
			buildSettings = {
				ASSETCATALOG_COMPILER_APPICON_NAME = AppIcon;
				CODE_SIGN_ENTITLEMENTS = imgurBar/imgurBar.entitlements;
				CODE_SIGN_STYLE = Automatic;
				COMBINE_HIDPI_IMAGES = YES;
				DEVELOPMENT_ASSET_PATHS = "\"imgurBar/Preview Content\"";
				DEVELOPMENT_TEAM = "";
				ENABLE_HARDENED_RUNTIME = NO;
				ENABLE_PREVIEWS = YES;
				INFOPLIST_FILE = imgurBar/Info.plist;
				LD_RUNPATH_SEARCH_PATHS = (
					"$(inherited)",
					"@executable_path/../Frameworks",
				);
				MACOSX_DEPLOYMENT_TARGET = 10.15;
				PRODUCT_BUNDLE_IDENTIFIER = com.ailinykh.ImgurBar;
				PRODUCT_NAME = "$(TARGET_NAME)";
				SWIFT_VERSION = 5.0;
			};
			name = Debug;
		};
		737571A6243B1CF6000B84FD /* Release */ = {
			isa = XCBuildConfiguration;
			buildSettings = {
				ASSETCATALOG_COMPILER_APPICON_NAME = AppIcon;
				CODE_SIGN_ENTITLEMENTS = imgurBar/imgurBar.entitlements;
				CODE_SIGN_STYLE = Automatic;
				COMBINE_HIDPI_IMAGES = YES;
				DEVELOPMENT_ASSET_PATHS = "\"imgurBar/Preview Content\"";
				DEVELOPMENT_TEAM = "";
				ENABLE_HARDENED_RUNTIME = NO;
				ENABLE_PREVIEWS = YES;
				INFOPLIST_FILE = imgurBar/Info.plist;
				LD_RUNPATH_SEARCH_PATHS = (
					"$(inherited)",
					"@executable_path/../Frameworks",
				);
				MACOSX_DEPLOYMENT_TARGET = 10.15;
				PRODUCT_BUNDLE_IDENTIFIER = com.ailinykh.ImgurBar;
				PRODUCT_NAME = "$(TARGET_NAME)";
				SWIFT_VERSION = 5.0;
			};
			name = Release;
		};
/* End XCBuildConfiguration section */

/* Begin XCConfigurationList section */
		7375718C243B1CF5000B84FD /* Build configuration list for PBXProject "ImgurBar" */ = {
			isa = XCConfigurationList;
			buildConfigurations = (
				737571A2243B1CF6000B84FD /* Debug */,
				737571A3243B1CF6000B84FD /* Release */,
			);
			defaultConfigurationIsVisible = 0;
			defaultConfigurationName = Release;
		};
		737571A4243B1CF6000B84FD /* Build configuration list for PBXNativeTarget "ImgurBar" */ = {
			isa = XCConfigurationList;
			buildConfigurations = (
				737571A5243B1CF6000B84FD /* Debug */,
				737571A6243B1CF6000B84FD /* Release */,
			);
			defaultConfigurationIsVisible = 0;
			defaultConfigurationName = Release;
		};
/* End XCConfigurationList section */
	};
	rootObject = 73757189243B1CF5000B84FD /* Project object */;
}
